
Microsoft Visual Studio Solution File, Format Version 12.00
# Visual Studio Version 17
VisualStudioVersion = 17.3.32929.385
MinimumVisualStudioVersion = 10.0.40219.1
Project("{FAE04EC0-301F-11D3-BF4B-00C04F79EFBC}") = "DiscordBot.MemberCount", "DiscordBot.MemberCount\DiscordBot.MemberCount.csproj", "{7A2B53D4-1E1D-4846-AE31-DE25A8BB417A}"
EndProject
Global
	GlobalSection(SolutionConfigurationPlatforms) = preSolution
		Debug|Any CPU = Debug|Any CPU
		Release|Any CPU = Release|Any CPU
	EndGlobalSection
	GlobalSection(ProjectConfigurationPlatforms) = postSolution
		{7A2B53D4-1E1D-4846-AE31-DE25A8BB417A}.Debug|Any CPU.ActiveCfg = Debug|Any CPU
		{7A2B53D4-1E1D-4846-AE31-DE25A8BB417A}.Debug|Any CPU.Build.0 = Debug|Any CPU
		{7A2B53D4-1E1D-4846-AE31-DE25A8BB417A}.Release|Any CPU.ActiveCfg = Release|Any CPU
		{7A2B53D4-1E1D-4846-AE31-DE25A8BB417A}.Release|Any CPU.Build.0 = Release|Any CPU
	EndGlobalSection
	GlobalSection(SolutionProperties) = preSolution
		HideSolutionNode = FALSE
	EndGlobalSection
	GlobalSection(ExtensibilityGlobals) = postSolution
		SolutionGuid = {3739B20A-AFDB-49E6-9BFD-D61387EBD57C}
	EndGlobalSection
EndGlobal
